// !$*UTF8*$!
{
	archiveVersion = 1;
	classes = {
	};
	objectVersion = 50;
	objects = {

/* Begin PBXBuildFile section */
		207458A263F2BE29D2F9E8A4 /* Pods_DED_Music_1.framework in Frameworks */ = {isa = PBXBuildFile; fileRef = 5C99DB0702D96DCD862F166D /* Pods_DED_Music_1.framework */; };
		5C3A4856233FB66200E20B45 /* 77_ECHOBEAT_02_C.wav in Resources */ = {isa = PBXBuildFile; fileRef = 5C3A4855233FB66200E20B45 /* 77_ECHOBEAT_02_C.wav */; };
		5C3A48592340022000E20B45 /* AudioEngine.swift in Sources */ = {isa = PBXBuildFile; fileRef = 5C3A48582340022000E20B45 /* AudioEngine.swift */; };
		5CE0E916233F196300B0DCAE /* AppDelegate.swift in Sources */ = {isa = PBXBuildFile; fileRef = 5CE0E915233F196300B0DCAE /* AppDelegate.swift */; };
		5CE0E918233F196300B0DCAE /* AudioTableViewController.swift in Sources */ = {isa = PBXBuildFile; fileRef = 5CE0E917233F196300B0DCAE /* AudioTableViewController.swift */; };
		5CE0E91B233F196300B0DCAE /* Main.storyboard in Resources */ = {isa = PBXBuildFile; fileRef = 5CE0E919233F196300B0DCAE /* Main.storyboard */; };
		5CE0E91D233F196400B0DCAE /* Assets.xcassets in Resources */ = {isa = PBXBuildFile; fileRef = 5CE0E91C233F196400B0DCAE /* Assets.xcassets */; };
		5CE0E920233F196400B0DCAE /* LaunchScreen.storyboard in Resources */ = {isa = PBXBuildFile; fileRef = 5CE0E91E233F196400B0DCAE /* LaunchScreen.storyboard */; };
/* End PBXBuildFile section */

/* Begin PBXFileReference section */
		1E7467595183BB3016AF64F5 /* Pods-DED-Music-1.release.xcconfig */ = {isa = PBXFileReference; includeInIndex = 1; lastKnownFileType = text.xcconfig; name = "Pods-DED-Music-1.release.xcconfig"; path = "Target Support Files/Pods-DED-Music-1/Pods-DED-Music-1.release.xcconfig"; sourceTree = "<group>"; };
		5C3A4855233FB66200E20B45 /* 77_ECHOBEAT_02_C.wav */ = {isa = PBXFileReference; lastKnownFileType = audio.wav; path = 77_ECHOBEAT_02_C.wav; sourceTree = "<group>"; };
		5C3A48582340022000E20B45 /* AudioEngine.swift */ = {isa = PBXFileReference; lastKnownFileType = sourcecode.swift; path = AudioEngine.swift; sourceTree = "<group>"; };
		5C99DB0702D96DCD862F166D /* Pods_DED_Music_1.framework */ = {isa = PBXFileReference; explicitFileType = wrapper.framework; includeInIndex = 0; path = Pods_DED_Music_1.framework; sourceTree = BUILT_PRODUCTS_DIR; };
		5CE0E912233F196300B0DCAE /* DED-Music-1.app */ = {isa = PBXFileReference; explicitFileType = wrapper.application; includeInIndex = 0; path = "DED-Music-1.app"; sourceTree = BUILT_PRODUCTS_DIR; };
		5CE0E915233F196300B0DCAE /* AppDelegate.swift */ = {isa = PBXFileReference; lastKnownFileType = sourcecode.swift; path = AppDelegate.swift; sourceTree = "<group>"; };
		5CE0E917233F196300B0DCAE /* AudioTableViewController.swift */ = {isa = PBXFileReference; lastKnownFileType = sourcecode.swift; path = AudioTableViewController.swift; sourceTree = "<group>"; };
		5CE0E91A233F196300B0DCAE /* Base */ = {isa = PBXFileReference; lastKnownFileType = file.storyboard; name = Base; path = Base.lproj/Main.storyboard; sourceTree = "<group>"; };
		5CE0E91C233F196400B0DCAE /* Assets.xcassets */ = {isa = PBXFileReference; lastKnownFileType = folder.assetcatalog; path = Assets.xcassets; sourceTree = "<group>"; };
		5CE0E91F233F196400B0DCAE /* Base */ = {isa = PBXFileReference; lastKnownFileType = file.storyboard; name = Base; path = Base.lproj/LaunchScreen.storyboard; sourceTree = "<group>"; };
		5CE0E921233F196400B0DCAE /* Info.plist */ = {isa = PBXFileReference; lastKnownFileType = text.plist.xml; path = Info.plist; sourceTree = "<group>"; };
		EB5FCC9C80A9F8D2D3C2F511 /* Pods-DED-Music-1.debug.xcconfig */ = {isa = PBXFileReference; includeInIndex = 1; lastKnownFileType = text.xcconfig; name = "Pods-DED-Music-1.debug.xcconfig"; path = "Target Support Files/Pods-DED-Music-1/Pods-DED-Music-1.debug.xcconfig"; sourceTree = "<group>"; };
/* End PBXFileReference section */

/* Begin PBXFrameworksBuildPhase section */
		5CE0E90F233F196300B0DCAE /* Frameworks */ = {
			isa = PBXFrameworksBuildPhase;
			buildActionMask = 2147483647;
			files = (
				207458A263F2BE29D2F9E8A4 /* Pods_DED_Music_1.framework in Frameworks */,
			);
			runOnlyForDeploymentPostprocessing = 0;
		};
/* End PBXFrameworksBuildPhase section */

/* Begin PBXGroup section */
		5C3A4854233FB5D000E20B45 /* Resources */ = {
			isa = PBXGroup;
			children = (
				5C3A4855233FB66200E20B45 /* 77_ECHOBEAT_02_C.wav */,
			);
			path = Resources;
			sourceTree = "<group>";
		};
		5C3A4857234001E400E20B45 /* Model */ = {
			isa = PBXGroup;
			children = (
				5C3A48582340022000E20B45 /* AudioEngine.swift */,
			);
			path = Model;
			sourceTree = "<group>";
		};
		5CE0E909233F196300B0DCAE = {
			isa = PBXGroup;
			children = (
				5CE0E914233F196300B0DCAE /* DED-Music-1 */,
				5CE0E913233F196300B0DCAE /* Products */,
				ED054A8AFE3FFEB220C967BA /* Pods */,
				982B1FF2F277301EFB736626 /* Frameworks */,
			);
			sourceTree = "<group>";
		};
		5CE0E913233F196300B0DCAE /* Products */ = {
			isa = PBXGroup;
			children = (
				5CE0E912233F196300B0DCAE /* DED-Music-1.app */,
			);
			name = Products;
			sourceTree = "<group>";
		};
		5CE0E914233F196300B0DCAE /* DED-Music-1 */ = {
			isa = PBXGroup;
			children = (
				5C3A4857234001E400E20B45 /* Model */,
				5C3A4854233FB5D000E20B45 /* Resources */,
				5CE0E915233F196300B0DCAE /* AppDelegate.swift */,
				5CE0E917233F196300B0DCAE /* AudioTableViewController.swift */,
				5CE0E919233F196300B0DCAE /* Main.storyboard */,
				5CE0E91C233F196400B0DCAE /* Assets.xcassets */,
				5CE0E91E233F196400B0DCAE /* LaunchScreen.storyboard */,
				5CE0E921233F196400B0DCAE /* Info.plist */,
			);
			path = "DED-Music-1";
			sourceTree = "<group>";
		};
		982B1FF2F277301EFB736626 /* Frameworks */ = {
			isa = PBXGroup;
			children = (
				5C99DB0702D96DCD862F166D /* Pods_DED_Music_1.framework */,
			);
			name = Frameworks;
			sourceTree = "<group>";
		};
		ED054A8AFE3FFEB220C967BA /* Pods */ = {
			isa = PBXGroup;
			children = (
				EB5FCC9C80A9F8D2D3C2F511 /* Pods-DED-Music-1.debug.xcconfig */,
				1E7467595183BB3016AF64F5 /* Pods-DED-Music-1.release.xcconfig */,
			);
			path = Pods;
			sourceTree = "<group>";
		};
/* End PBXGroup section */

/* Begin PBXNativeTarget section */
		5CE0E911233F196300B0DCAE /* DED-Music-1 */ = {
			isa = PBXNativeTarget;
			buildConfigurationList = 5CE0E924233F196400B0DCAE /* Build configuration list for PBXNativeTarget "DED-Music-1" */;
			buildPhases = (
				4B657949562A62D174909956 /* [CP] Check Pods Manifest.lock */,
				5CE0E90E233F196300B0DCAE /* Sources */,
				5CE0E90F233F196300B0DCAE /* Frameworks */,
				5CE0E910233F196300B0DCAE /* Resources */,
				1385EA1C1F7B3C316D10D4DD /* [CP] Embed Pods Frameworks */,
			);
			buildRules = (
			);
			dependencies = (
			);
			name = "DED-Music-1";
			productName = "DED-Music-1";
			productReference = 5CE0E912233F196300B0DCAE /* DED-Music-1.app */;
			productType = "com.apple.product-type.application";
		};
/* End PBXNativeTarget section */

/* Begin PBXProject section */
		5CE0E90A233F196300B0DCAE /* Project object */ = {
			isa = PBXProject;
			attributes = {
				LastSwiftUpdateCheck = 1030;
				LastUpgradeCheck = 1030;
				ORGANIZATIONNAME = "DED Software";
				TargetAttributes = {
					5CE0E911233F196300B0DCAE = {
						CreatedOnToolsVersion = 10.3;
					};
				};
			};
			buildConfigurationList = 5CE0E90D233F196300B0DCAE /* Build configuration list for PBXProject "DED-Music-1" */;
			compatibilityVersion = "Xcode 9.3";
			developmentRegion = en;
			hasScannedForEncodings = 0;
			knownRegions = (
				en,
				Base,
			);
			mainGroup = 5CE0E909233F196300B0DCAE;
			productRefGroup = 5CE0E913233F196300B0DCAE /* Products */;
			projectDirPath = "";
			projectRoot = "";
			targets = (
				5CE0E911233F196300B0DCAE /* DED-Music-1 */,
			);
		};
/* End PBXProject section */

/* Begin PBXResourcesBuildPhase section */
		5CE0E910233F196300B0DCAE /* Resources */ = {
			isa = PBXResourcesBuildPhase;
			buildActionMask = 2147483647;
			files = (
				5CE0E920233F196400B0DCAE /* LaunchScreen.storyboard in Resources */,
				5CE0E91D233F196400B0DCAE /* Assets.xcassets in Resources */,
				5CE0E91B233F196300B0DCAE /* Main.storyboard in Resources */,
				5C3A4856233FB66200E20B45 /* 77_ECHOBEAT_02_C.wav in Resources */,
			);
			runOnlyForDeploymentPostprocessing = 0;
		};
/* End PBXResourcesBuildPhase section */

/* Begin PBXShellScriptBuildPhase section */
		1385EA1C1F7B3C316D10D4DD /* [CP] Embed Pods Frameworks */ = {
			isa = PBXShellScriptBuildPhase;
			buildActionMask = 2147483647;
			files = (
			);
			inputFileListPaths = (
				"${PODS_ROOT}/Target Support Files/Pods-DED-Music-1/Pods-DED-Music-1-frameworks-${CONFIGURATION}-input-files.xcfilelist",
			);
			name = "[CP] Embed Pods Frameworks";
			outputFileListPaths = (
				"${PODS_ROOT}/Target Support Files/Pods-DED-Music-1/Pods-DED-Music-1-frameworks-${CONFIGURATION}-output-files.xcfilelist",
			);
			runOnlyForDeploymentPostprocessing = 0;
			shellPath = /bin/sh;
			shellScript = "\"${PODS_ROOT}/Target Support Files/Pods-DED-Music-1/Pods-DED-Music-1-frameworks.sh\"\n";
			showEnvVarsInLog = 0;
		};
		4B657949562A62D174909956 /* [CP] Check Pods Manifest.lock */ = {
			isa = PBXShellScriptBuildPhase;
			buildActionMask = 2147483647;
			files = (
			);
			inputFileListPaths = (
			);
			inputPaths = (
				"${PODS_PODFILE_DIR_PATH}/Podfile.lock",
				"${PODS_ROOT}/Manifest.lock",
			);
			name = "[CP] Check Pods Manifest.lock";
			outputFileListPaths = (
			);
			outputPaths = (
				"$(DERIVED_FILE_DIR)/Pods-DED-Music-1-checkManifestLockResult.txt",
			);
			runOnlyForDeploymentPostprocessing = 0;
			shellPath = /bin/sh;
			shellScript = "diff \"${PODS_PODFILE_DIR_PATH}/Podfile.lock\" \"${PODS_ROOT}/Manifest.lock\" > /dev/null\nif [ $? != 0 ] ; then\n    # print error to STDERR\n    echo \"error: The sandbox is not in sync with the Podfile.lock. Run 'pod install' or update your CocoaPods installation.\" >&2\n    exit 1\nfi\n# This output is used by Xcode 'outputs' to avoid re-running this script phase.\necho \"SUCCESS\" > \"${SCRIPT_OUTPUT_FILE_0}\"\n";
			showEnvVarsInLog = 0;
		};
/* End PBXShellScriptBuildPhase section */

/* Begin PBXSourcesBuildPhase section */
		5CE0E90E233F196300B0DCAE /* Sources */ = {
			isa = PBXSourcesBuildPhase;
			buildActionMask = 2147483647;
			files = (
				5C3A48592340022000E20B45 /* AudioEngine.swift in Sources */,
				5CE0E918233F196300B0DCAE /* AudioTableViewController.swift in Sources */,
				5CE0E916233F196300B0DCAE /* AppDelegate.swift in Sources */,
			);
			runOnlyForDeploymentPostprocessing = 0;
		};
/* End PBXSourcesBuildPhase section */

/* Begin PBXVariantGroup section */
		5CE0E919233F196300B0DCAE /* Main.storyboard */ = {
			isa = PBXVariantGroup;
			children = (
				5CE0E91A233F196300B0DCAE /* Base */,
			);
			name = Main.storyboard;
			sourceTree = "<group>";
		};
		5CE0E91E233F196400B0DCAE /* LaunchScreen.storyboard */ = {
			isa = PBXVariantGroup;
			children = (
				5CE0E91F233F196400B0DCAE /* Base */,
			);
			name = LaunchScreen.storyboard;
			sourceTree = "<group>";
		};
/* End PBXVariantGroup section */

/* Begin XCBuildConfiguration section */
		5CE0E922233F196400B0DCAE /* Debug */ = {
			isa = XCBuildConfiguration;
			buildSettings = {
				ALWAYS_SEARCH_USER_PATHS = NO;
				CLANG_ANALYZER_NONNULL = YES;
				CLANG_ANALYZER_NUMBER_OBJECT_CONVERSION = YES_AGGRESSIVE;
				CLANG_CXX_LANGUAGE_STANDARD = "gnu++14";
				CLANG_CXX_LIBRARY = "libc++";
				CLANG_ENABLE_MODULES = YES;
				CLANG_ENABLE_OBJC_ARC = YES;
				CLANG_ENABLE_OBJC_WEAK = YES;
				CLANG_WARN_BLOCK_CAPTURE_AUTORELEASING = YES;
				CLANG_WARN_BOOL_CONVERSION = YES;
				CLANG_WARN_COMMA = YES;
				CLANG_WARN_CONSTANT_CONVERSION = YES;
				CLANG_WARN_DEPRECATED_OBJC_IMPLEMENTATIONS = YES;
				CLANG_WARN_DIRECT_OBJC_ISA_USAGE = YES_ERROR;
				CLANG_WARN_DOCUMENTATION_COMMENTS = YES;
				CLANG_WARN_EMPTY_BODY = YES;
				CLANG_WARN_ENUM_CONVERSION = YES;
				CLANG_WARN_INFINITE_RECURSION = YES;
				CLANG_WARN_INT_CONVERSION = YES;
				CLANG_WARN_NON_LITERAL_NULL_CONVERSION = YES;
				CLANG_WARN_OBJC_IMPLICIT_RETAIN_SELF = YES;
				CLANG_WARN_OBJC_LITERAL_CONVERSION = YES;
				CLANG_WARN_OBJC_ROOT_CLASS = YES_ERROR;
				CLANG_WARN_RANGE_LOOP_ANALYSIS = YES;
				CLANG_WARN_STRICT_PROTOTYPES = YES;
				CLANG_WARN_SUSPICIOUS_MOVE = YES;
				CLANG_WARN_UNGUARDED_AVAILABILITY = YES_AGGRESSIVE;
				CLANG_WARN_UNREACHABLE_CODE = YES;
				CLANG_WARN__DUPLICATE_METHOD_MATCH = YES;
				CODE_SIGN_IDENTITY = "iPhone Developer";
				COPY_PHASE_STRIP = NO;
				DEBUG_INFORMATION_FORMAT = dwarf;
				ENABLE_STRICT_OBJC_MSGSEND = YES;
				ENABLE_TESTABILITY = YES;
				GCC_C_LANGUAGE_STANDARD = gnu11;
				GCC_DYNAMIC_NO_PIC = NO;
				GCC_NO_COMMON_BLOCKS = YES;
				GCC_OPTIMIZATION_LEVEL = 0;
				GCC_PREPROCESSOR_DEFINITIONS = (
					"DEBUG=1",
					"$(inherited)",
				);
				GCC_WARN_64_TO_32_BIT_CONVERSION = YES;
				GCC_WARN_ABOUT_RETURN_TYPE = YES_ERROR;
				GCC_WARN_UNDECLARED_SELECTOR = YES;
				GCC_WARN_UNINITIALIZED_AUTOS = YES_AGGRESSIVE;
				GCC_WARN_UNUSED_FUNCTION = YES;
				GCC_WARN_UNUSED_VARIABLE = YES;
				IPHONEOS_DEPLOYMENT_TARGET = 12.4;
				MTL_ENABLE_DEBUG_INFO = INCLUDE_SOURCE;
				MTL_FAST_MATH = YES;
				ONLY_ACTIVE_ARCH = YES;
				SDKROOT = iphoneos;
				SWIFT_ACTIVE_COMPILATION_CONDITIONS = DEBUG;
				SWIFT_OPTIMIZATION_LEVEL = "-Onone";
			};
			name = Debug;
		};
		5CE0E923233F196400B0DCAE /* Release */ = {
			isa = XCBuildConfiguration;
			buildSettings = {
				ALWAYS_SEARCH_USER_PATHS = NO;
				CLANG_ANALYZER_NONNULL = YES;
				CLANG_ANALYZER_NUMBER_OBJECT_CONVERSION = YES_AGGRESSIVE;
				CLANG_CXX_LANGUAGE_STANDARD = "gnu++14";
				CLANG_CXX_LIBRARY = "libc++";
				CLANG_ENABLE_MODULES = YES;
				CLANG_ENABLE_OBJC_ARC = YES;
				CLANG_ENABLE_OBJC_WEAK = YES;
				CLANG_WARN_BLOCK_CAPTURE_AUTORELEASING = YES;
				CLANG_WARN_BOOL_CONVERSION = YES;
				CLANG_WARN_COMMA = YES;
				CLANG_WARN_CONSTANT_CONVERSION = YES;
				CLANG_WARN_DEPRECATED_OBJC_IMPLEMENTATIONS = YES;
				CLANG_WARN_DIRECT_OBJC_ISA_USAGE = YES_ERROR;
				CLANG_WARN_DOCUMENTATION_COMMENTS = YES;
				CLANG_WARN_EMPTY_BODY = YES;
				CLANG_WARN_ENUM_CONVERSION = YES;
				CLANG_WARN_INFINITE_RECURSION = YES;
				CLANG_WARN_INT_CONVERSION = YES;
				CLANG_WARN_NON_LITERAL_NULL_CONVERSION = YES;
				CLANG_WARN_OBJC_IMPLICIT_RETAIN_SELF = YES;
				CLANG_WARN_OBJC_LITERAL_CONVERSION = YES;
				CLANG_WARN_OBJC_ROOT_CLASS = YES_ERROR;
				CLANG_WARN_RANGE_LOOP_ANALYSIS = YES;
				CLANG_WARN_STRICT_PROTOTYPES = YES;
				CLANG_WARN_SUSPICIOUS_MOVE = YES;
				CLANG_WARN_UNGUARDED_AVAILABILITY = YES_AGGRESSIVE;
				CLANG_WARN_UNREACHABLE_CODE = YES;
				CLANG_WARN__DUPLICATE_METHOD_MATCH = YES;
				CODE_SIGN_IDENTITY = "iPhone Developer";
				COPY_PHASE_STRIP = NO;
				DEBUG_INFORMATION_FORMAT = "dwarf-with-dsym";
				ENABLE_NS_ASSERTIONS = NO;
				ENABLE_STRICT_OBJC_MSGSEND = YES;
				GCC_C_LANGUAGE_STANDARD = gnu11;
				GCC_NO_COMMON_BLOCKS = YES;
				GCC_WARN_64_TO_32_BIT_CONVERSION = YES;
				GCC_WARN_ABOUT_RETURN_TYPE = YES_ERROR;
				GCC_WARN_UNDECLARED_SELECTOR = YES;
				GCC_WARN_UNINITIALIZED_AUTOS = YES_AGGRESSIVE;
				GCC_WARN_UNUSED_FUNCTION = YES;
				GCC_WARN_UNUSED_VARIABLE = YES;
				IPHONEOS_DEPLOYMENT_TARGET = 12.4;
				MTL_ENABLE_DEBUG_INFO = NO;
				MTL_FAST_MATH = YES;
				SDKROOT = iphoneos;
				SWIFT_COMPILATION_MODE = wholemodule;
				SWIFT_OPTIMIZATION_LEVEL = "-O";
				VALIDATE_PRODUCT = YES;
			};
			name = Release;
		};
		5CE0E925233F196400B0DCAE /* Debug */ = {
			isa = XCBuildConfiguration;
			baseConfigurationReference = EB5FCC9C80A9F8D2D3C2F511 /* Pods-DED-Music-1.debug.xcconfig */;
			buildSettings = {
				ASSETCATALOG_COMPILER_APPICON_NAME = AppIcon;
				CODE_SIGN_STYLE = Automatic;
				DEVELOPMENT_TEAM = 83BB9JA8V8;
				INFOPLIST_FILE = "DED-Music-1/Info.plist";
				LD_RUNPATH_SEARCH_PATHS = (
					"$(inherited)",
					"@executable_path/Frameworks",
				);
				PRODUCT_BUNDLE_IDENTIFIER = "com.DEDSoftware.DED-Music-1";
				PRODUCT_NAME = "$(TARGET_NAME)";
				SWIFT_VERSION = 5.0;
				TARGETED_DEVICE_FAMILY = "1,2";
			};
			name = Debug;
		};
		5CE0E926233F196400B0DCAE /* Release */ = {
			isa = XCBuildConfiguration;
			baseConfigurationReference = 1E7467595183BB3016AF64F5 /* Pods-DED-Music-1.release.xcconfig */;
			buildSettings = {
				ASSETCATALOG_COMPILER_APPICON_NAME = AppIcon;
				CODE_SIGN_STYLE = Automatic;
				DEVELOPMENT_TEAM = 83BB9JA8V8;
				INFOPLIST_FILE = "DED-Music-1/Info.plist";
				LD_RUNPATH_SEARCH_PATHS = (
					"$(inherited)",
					"@executable_path/Frameworks",
				);
				PRODUCT_BUNDLE_IDENTIFIER = "com.DEDSoftware.DED-Music-1";
				PRODUCT_NAME = "$(TARGET_NAME)";
				SWIFT_VERSION = 5.0;
				TARGETED_DEVICE_FAMILY = "1,2";
			};
			name = Release;
		};
/* End XCBuildConfiguration section */

/* Begin XCConfigurationList section */
		5CE0E90D233F196300B0DCAE /* Build configuration list for PBXProject "DED-Music-1" */ = {
			isa = XCConfigurationList;
			buildConfigurations = (
				5CE0E922233F196400B0DCAE /* Debug */,
				5CE0E923233F196400B0DCAE /* Release */,
			);
			defaultConfigurationIsVisible = 0;
			defaultConfigurationName = Release;
		};
		5CE0E924233F196400B0DCAE /* Build configuration list for PBXNativeTarget "DED-Music-1" */ = {
			isa = XCConfigurationList;
			buildConfigurations = (
				5CE0E925233F196400B0DCAE /* Debug */,
				5CE0E926233F196400B0DCAE /* Release */,
			);
			defaultConfigurationIsVisible = 0;
			defaultConfigurationName = Release;
		};
/* End XCConfigurationList section */
	};
	rootObject = 5CE0E90A233F196300B0DCAE /* Project object */;
}
